{
  "name": "tong-cli",
  "version": "0.0.5",
  "lockfileVersion": 1,
  "requires": true,
  "dependencies": {
    "argparse": {
      "version": "2.0.1",
      "resolved": "https://registry.npmjs.org/argparse/-/argparse-2.0.1.tgz",
      "integrity": "sha512-8+9WqebbFzpX9OR+Wa6O29asIogeRMzcGtAINdpMHHyAg10f05aSFVBbcEqGf/PXw1EjAZ+q2/bEBg3DvurK3Q=="
    },
    "commander": {
      "version": "7.0.0",
      "resolved": "https://registry.npmjs.org/commander/-/commander-7.0.0.tgz",
      "integrity": "sha512-ovx/7NkTrnPuIV8sqk/GjUIIM1+iUQeqA3ye2VNpq9sVoiZsooObWlQy+OPWGI17GDaEoybuAGJm6U8yC077BA=="
    },
    "dayjs": {
      "version": "1.10.4",
      "resolved": "https://registry.npmjs.org/dayjs/-/dayjs-1.10.4.tgz",
      "integrity": "sha512-RI/Hh4kqRc1UKLOAf/T5zdMMX5DQIlDxwUe3wSyMMnEbGunnpENCdbUgM+dW7kXidZqCttBrmw7BhN4TMddkCw=="
    },
    "highlight.js": {
      "version": "10.5.0",
      "resolved": "https://registry.npmjs.org/highlight.js/-/highlight.js-10.5.0.tgz",
      "integrity": "sha512-xTmvd9HiIHR6L53TMC7TKolEj65zG1XU+Onr8oi86mYa+nLcIbxTTWkpW7CsEwv/vK7u1zb8alZIMLDqqN6KTw=="
    },
    "js-yaml": {
      "version": "4.0.0",
      "resolved": "https://registry.npmjs.org/js-yaml/-/js-yaml-4.0.0.tgz",
      "integrity": "sha512-pqon0s+4ScYUvX30wxQi3PogGFAlUyH0awepWvwkj4jD4v+ova3RiYw8bmA6x2rDrEaj8i/oWKoRxpVNW+Re8Q==",
      "requires": {
        "argparse": "^2.0.1"
      }
    },
    "marked": {
      "version": "1.2.9",
      "resolved": "https://registry.npmjs.org/marked/-/marked-1.2.9.tgz",
      "integrity": "sha512-H8lIX2SvyitGX+TRdtS06m1jHMijKN/XjfH6Ooii9fvxMlh8QdqBfBDkGUpMWH2kQNrtixjzYUa3SH8ROTgRRw=="
    },
    "trx-util": {
      "version": "0.0.3",
      "resolved": "https://registry.npmjs.org/trx-util/-/trx-util-0.0.3.tgz",
      "integrity": "sha512-zS367alOuw+Suj/2FlwjRzUdyw8Xj43+RagMsEWLmOqGR15SZ1ohgU2aaI8u1JxKBYYc4Nbgsz5o0lopKaK+Og==",
      "requires": {
        "dayjs": "^1.10.4",
        "highlight.js": "^10.5.0",
        "js-yaml": "^4.0.0",
        "marked": "^1.2.8"
      }
    }
  }
}
